{
    "name": "bitrim",
    "version": "1.0.0",
    "lockfileVersion": 3,
    "requires": true,
    "packages": {
        "": {
            "name": "bitrim",
            "version": "1.0.0",
            "cpu": [
                "x64",
                "arm64"
            ],
            "hasInstallScript": true,
            "license": "MIT",
            "os": [
                "linux",
                "darwin",
                "win32"
            ],
            "bin": {
                "bitrim": "bin/bitrim"
            },
            "engines": {
                "bun": ">=1.0.0",
                "node": ">=12.0.0"
            }
        }
    }
}
